
Microsoft Visual Studio Solution File, Format Version 12.00
# Visual Studio 15
VisualStudioVersion = 15.0.27130.2020
MinimumVisualStudioVersion = 10.0.40219.1
Project("{FAE04EC0-301F-11D3-BF4B-00C04F79EFBC}") = "RedStar.TimesheetGenerator.ConsoleApp", "RedStar.TimesheetGenerator.ConsoleApp\RedStar.TimesheetGenerator.ConsoleApp.csproj", "{EFB20543-F447-4715-8162-157FDDB646AD}"
EndProject
Project("{FAE04EC0-301F-11D3-BF4B-00C04F79EFBC}") = "RedStar.TimesheetGenerator.Freshbooks", "RedStar.TimesheetGenerator.Freshbooks\RedStar.TimesheetGenerator.Freshbooks.csproj", "{FE327FF5-E31F-433A-BCA5-3235977AA22D}"
EndProject
Project("{FAE04EC0-301F-11D3-BF4B-00C04F79EFBC}") = "RedStar.TimesheetGenerator.Core", "RedStar.TimesheetGenerator.Core\RedStar.TimesheetGenerator.Core.csproj", "{72A19E22-9044-4F0F-85A5-468200E6789F}"
EndProject
Project("{FAE04EC0-301F-11D3-BF4B-00C04F79EFBC}") = "RedStar.TimesheetGenerator.Team4Talent", "RedStar.TimesheetGenerator.Team4Talent\RedStar.TimesheetGenerator.Team4Talent.csproj", "{83D34229-4128-4107-8E2D-C64DA062E697}"
EndProject
Global
	GlobalSection(SolutionConfigurationPlatforms) = preSolution
		Debug|Any CPU = Debug|Any CPU
		Release|Any CPU = Release|Any CPU
	EndGlobalSection
	GlobalSection(ProjectConfigurationPlatforms) = postSolution
		{EFB20543-F447-4715-8162-157FDDB646AD}.Debug|Any CPU.ActiveCfg = Debug|Any CPU
		{EFB20543-F447-4715-8162-157FDDB646AD}.Debug|Any CPU.Build.0 = Debug|Any CPU
		{EFB20543-F447-4715-8162-157FDDB646AD}.Release|Any CPU.ActiveCfg = Release|Any CPU
		{EFB20543-F447-4715-8162-157FDDB646AD}.Release|Any CPU.Build.0 = Release|Any CPU
		{FE327FF5-E31F-433A-BCA5-3235977AA22D}.Debug|Any CPU.ActiveCfg = Debug|Any CPU
		{FE327FF5-E31F-433A-BCA5-3235977AA22D}.Debug|Any CPU.Build.0 = Debug|Any CPU
		{FE327FF5-E31F-433A-BCA5-3235977AA22D}.Release|Any CPU.ActiveCfg = Release|Any CPU
		{FE327FF5-E31F-433A-BCA5-3235977AA22D}.Release|Any CPU.Build.0 = Release|Any CPU
		{72A19E22-9044-4F0F-85A5-468200E6789F}.Debug|Any CPU.ActiveCfg = Debug|Any CPU
		{72A19E22-9044-4F0F-85A5-468200E6789F}.Debug|Any CPU.Build.0 = Debug|Any CPU
		{72A19E22-9044-4F0F-85A5-468200E6789F}.Release|Any CPU.ActiveCfg = Release|Any CPU
		{72A19E22-9044-4F0F-85A5-468200E6789F}.Release|Any CPU.Build.0 = Release|Any CPU
		{83D34229-4128-4107-8E2D-C64DA062E697}.Debug|Any CPU.ActiveCfg = Debug|Any CPU
		{83D34229-4128-4107-8E2D-C64DA062E697}.Debug|Any CPU.Build.0 = Debug|Any CPU
		{83D34229-4128-4107-8E2D-C64DA062E697}.Release|Any CPU.ActiveCfg = Release|Any CPU
		{83D34229-4128-4107-8E2D-C64DA062E697}.Release|Any CPU.Build.0 = Release|Any CPU
	EndGlobalSection
	GlobalSection(SolutionProperties) = preSolution
		HideSolutionNode = FALSE
	EndGlobalSection
	GlobalSection(ExtensibilityGlobals) = postSolution
		SolutionGuid = {BEFDF2A0-D6BE-4505-A0A7-2453CB06AC69}
	EndGlobalSection
EndGlobal
